<?xml version="1.0" encoding="utf-8"?>
<Project ToolsVersion="4.0" xmlns="http://schemas.microsoft.com/developer/msbuild/2003">
  <ItemGroup>
    <Filter Include="Source files">
      <UniqueIdentifier>{45f7eb8e-79f7-47c6-aebb-bbf70fd6ea91}</UniqueIdentifier>
      <Extensions>cpp;c;cc;cxx;def;odl;idl;hpj;bat;asm;asmx</Extensions>
    </Filter>
    <Filter Include="Header files">
      <UniqueIdentifier>{5e291625-0749-4e32-b88b-5e415b8f2761}</UniqueIdentifier>
      <Extensions>h;hpp;hxx;hm;inl;inc;xsd</Extensions>
    </Filter>
    <Filter Include="Resource files">
      <UniqueIdentifier>{bacea4ed-b285-49cf-9a87-0e9b521063f1}</UniqueIdentifier>
      <Extensions>rc;ico;cur;bmp;dlg;rc2;rct;bin;rgs;gif;jpg;jpeg;jpe;resx;tiff;tif;png;wav</Extensions>
    </Filter>
    <Filter Include="Source files\Device-specific files">
      <UniqueIdentifier>{077ebd2c-b4ab-4715-a2dc-2d217f5bd517}</UniqueIdentifier>
    </Filter>
    <Filter Include="Header files\Device-specific files">
      <UniqueIdentifier>{0183e04b-7523-41b7-8121-b4f8faf25b2b}</UniqueIdentifier>
    </Filter>
    <Filter Include="VisualGDB settings">
      <UniqueIdentifier>{f5d84dfc-27d6-4abb-97b4-466ba7efb252}</UniqueIdentifier>
      <Extensions>vgdbsettings</Extensions>
    </Filter>
  </ItemGroup>
  <ItemGroup>
    <None Include="avr.props">
      <Filter>Source files\Device-specific files</Filter>
    </None>
    <None Include="OsmosFilter-Debug.vgdbsettings">
      <Filter>VisualGDB settings</Filter>
    </None>
    <None Include="OsmosFilter-Release.vgdbsettings">
      <Filter>VisualGDB settings</Filter>
    </None>
  </ItemGroup>
  <ItemGroup>
    <Xml Include="avr.xml">
      <Filter>VisualGDB settings</Filter>
    </Xml>
  </ItemGroup>
  <ItemGroup>
    <ClCompile Include="OsmosMain.cpp">
      <Filter>Source files</Filter>
    </ClCompile>
  </ItemGroup>
  <ItemGroup>
    <ClInclude Include="Pins.h">
      <Filter>Header files</Filter>
    </ClInclude>
    <ClInclude Include="Pump.h">
      <Filter>Header files</Filter>
    </ClInclude>
    <ClInclude Include="Tank.h">
      <Filter>Header files</Filter>
    </ClInclude>
    <ClInclude Include="delays.h">
      <Filter>Header files</Filter>
    </ClInclude>
    <ClInclude Include="reg.h">
      <Filter>Header files</Filter>
    </ClInclude>
    <ClInclude Include="Buzzer.h">
      <Filter>Header files</Filter>
    </ClInclude>
  </ItemGroup>
</Project>